// !$*UTF8*$!
{
	archiveVersion = 1;
	classes = {
	};
	objectVersion = 50;
	objects = {

/* Begin PBXBuildFile section */
		6975E705A021273181010B3A /* Pods_Mamicam_Final_Project.framework in Frameworks */ = {isa = PBXBuildFile; fileRef = 8486A953E6726EFFE4372800 /* Pods_Mamicam_Final_Project.framework */; };
		FE10BA14227AE68500E0B431 /* AnyViewExtension.swift in Sources */ = {isa = PBXBuildFile; fileRef = FE10BA13227AE68500E0B431 /* AnyViewExtension.swift */; };
		FE10BA18227B259500E0B431 /* DetailKostViewModel.swift in Sources */ = {isa = PBXBuildFile; fileRef = FE10BA17227B259500E0B431 /* DetailKostViewModel.swift */; };
		FE10BA1A227B26FB00E0B431 /* DetailKostViewController.swift in Sources */ = {isa = PBXBuildFile; fileRef = FE10BA19227B26FB00E0B431 /* DetailKostViewController.swift */; };
		FE10BA20227B6BFA00E0B431 /* NewKostViewController.swift in Sources */ = {isa = PBXBuildFile; fileRef = FE10BA1F227B6BFA00E0B431 /* NewKostViewController.swift */; };
		FE4E5B08227A419200AFF567 /* AppDelegate.swift in Sources */ = {isa = PBXBuildFile; fileRef = FE4E5B07227A419200AFF567 /* AppDelegate.swift */; };
		FE4E5B0A227A419200AFF567 /* ViewController.swift in Sources */ = {isa = PBXBuildFile; fileRef = FE4E5B09227A419200AFF567 /* ViewController.swift */; };
		FE4E5B0D227A419200AFF567 /* Main.storyboard in Resources */ = {isa = PBXBuildFile; fileRef = FE4E5B0B227A419200AFF567 /* Main.storyboard */; };
		FE4E5B0F227A419300AFF567 /* Assets.xcassets in Resources */ = {isa = PBXBuildFile; fileRef = FE4E5B0E227A419300AFF567 /* Assets.xcassets */; };
		FE4E5B12227A419300AFF567 /* LaunchScreen.storyboard in Resources */ = {isa = PBXBuildFile; fileRef = FE4E5B10227A419300AFF567 /* LaunchScreen.storyboard */; };
		FED68B71227A44A4008A40A2 /* NetworkFacade.swift in Sources */ = {isa = PBXBuildFile; fileRef = FED68B70227A44A4008A40A2 /* NetworkFacade.swift */; };
		FED68B76227A47E0008A40A2 /* KostModel.swift in Sources */ = {isa = PBXBuildFile; fileRef = FED68B75227A47E0008A40A2 /* KostModel.swift */; };
		FED68B7A227A4D74008A40A2 /* KostTableViewCell.swift in Sources */ = {isa = PBXBuildFile; fileRef = FED68B78227A4D74008A40A2 /* KostTableViewCell.swift */; };
		FED68B7B227A4D74008A40A2 /* KostTableViewCell.xib in Resources */ = {isa = PBXBuildFile; fileRef = FED68B79227A4D74008A40A2 /* KostTableViewCell.xib */; };
		FED68B7F227A5314008A40A2 /* KostViewModel.swift in Sources */ = {isa = PBXBuildFile; fileRef = FED68B7E227A5314008A40A2 /* KostViewModel.swift */; };
		FED68B81227A566D008A40A2 /* KostTableViewController+TableViewDataSource.swift in Sources */ = {isa = PBXBuildFile; fileRef = FED68B80227A566D008A40A2 /* KostTableViewController+TableViewDataSource.swift */; };
		FED68B83227A585B008A40A2 /* KostTableViewController+KostTableViewDelegate.swift in Sources */ = {isa = PBXBuildFile; fileRef = FED68B82227A585B008A40A2 /* KostTableViewController+KostTableViewDelegate.swift */; };
/* End PBXBuildFile section */

/* Begin PBXFileReference section */
		1CD0A3018576C9A831D4E695 /* Pods-Mamicam Final Project.release.xcconfig */ = {isa = PBXFileReference; includeInIndex = 1; lastKnownFileType = text.xcconfig; name = "Pods-Mamicam Final Project.release.xcconfig"; path = "Target Support Files/Pods-Mamicam Final Project/Pods-Mamicam Final Project.release.xcconfig"; sourceTree = "<group>"; };
		8486A953E6726EFFE4372800 /* Pods_Mamicam_Final_Project.framework */ = {isa = PBXFileReference; explicitFileType = wrapper.framework; includeInIndex = 0; path = Pods_Mamicam_Final_Project.framework; sourceTree = BUILT_PRODUCTS_DIR; };
		95E3725FA76420D685F50AA5 /* Pods-Mamicam Final Project.debug.xcconfig */ = {isa = PBXFileReference; includeInIndex = 1; lastKnownFileType = text.xcconfig; name = "Pods-Mamicam Final Project.debug.xcconfig"; path = "Target Support Files/Pods-Mamicam Final Project/Pods-Mamicam Final Project.debug.xcconfig"; sourceTree = "<group>"; };
		FE10BA13227AE68500E0B431 /* AnyViewExtension.swift */ = {isa = PBXFileReference; lastKnownFileType = sourcecode.swift; path = AnyViewExtension.swift; sourceTree = "<group>"; };
		FE10BA17227B259500E0B431 /* DetailKostViewModel.swift */ = {isa = PBXFileReference; lastKnownFileType = sourcecode.swift; path = DetailKostViewModel.swift; sourceTree = "<group>"; };
		FE10BA19227B26FB00E0B431 /* DetailKostViewController.swift */ = {isa = PBXFileReference; lastKnownFileType = sourcecode.swift; path = DetailKostViewController.swift; sourceTree = "<group>"; };
		FE10BA1F227B6BFA00E0B431 /* NewKostViewController.swift */ = {isa = PBXFileReference; lastKnownFileType = sourcecode.swift; path = NewKostViewController.swift; sourceTree = "<group>"; };
		FE4E5B04227A419200AFF567 /* Mamicam Final Project.app */ = {isa = PBXFileReference; explicitFileType = wrapper.application; includeInIndex = 0; path = "Mamicam Final Project.app"; sourceTree = BUILT_PRODUCTS_DIR; };
		FE4E5B07227A419200AFF567 /* AppDelegate.swift */ = {isa = PBXFileReference; lastKnownFileType = sourcecode.swift; path = AppDelegate.swift; sourceTree = "<group>"; };
		FE4E5B09227A419200AFF567 /* ViewController.swift */ = {isa = PBXFileReference; lastKnownFileType = sourcecode.swift; path = ViewController.swift; sourceTree = "<group>"; };
		FE4E5B0C227A419200AFF567 /* Base */ = {isa = PBXFileReference; lastKnownFileType = file.storyboard; name = Base; path = Base.lproj/Main.storyboard; sourceTree = "<group>"; };
		FE4E5B0E227A419300AFF567 /* Assets.xcassets */ = {isa = PBXFileReference; lastKnownFileType = folder.assetcatalog; path = Assets.xcassets; sourceTree = "<group>"; };
		FE4E5B11227A419300AFF567 /* Base */ = {isa = PBXFileReference; lastKnownFileType = file.storyboard; name = Base; path = Base.lproj/LaunchScreen.storyboard; sourceTree = "<group>"; };
		FE4E5B13227A419300AFF567 /* Info.plist */ = {isa = PBXFileReference; lastKnownFileType = text.plist.xml; path = Info.plist; sourceTree = "<group>"; };
		FED68B70227A44A4008A40A2 /* NetworkFacade.swift */ = {isa = PBXFileReference; lastKnownFileType = sourcecode.swift; path = NetworkFacade.swift; sourceTree = "<group>"; };
		FED68B75227A47E0008A40A2 /* KostModel.swift */ = {isa = PBXFileReference; lastKnownFileType = sourcecode.swift; path = KostModel.swift; sourceTree = "<group>"; };
		FED68B78227A4D74008A40A2 /* KostTableViewCell.swift */ = {isa = PBXFileReference; lastKnownFileType = sourcecode.swift; path = KostTableViewCell.swift; sourceTree = "<group>"; };
		FED68B79227A4D74008A40A2 /* KostTableViewCell.xib */ = {isa = PBXFileReference; lastKnownFileType = file.xib; path = KostTableViewCell.xib; sourceTree = "<group>"; };
		FED68B7E227A5314008A40A2 /* KostViewModel.swift */ = {isa = PBXFileReference; lastKnownFileType = sourcecode.swift; path = KostViewModel.swift; sourceTree = "<group>"; };
		FED68B80227A566D008A40A2 /* KostTableViewController+TableViewDataSource.swift */ = {isa = PBXFileReference; lastKnownFileType = sourcecode.swift; path = "KostTableViewController+TableViewDataSource.swift"; sourceTree = "<group>"; };
		FED68B82227A585B008A40A2 /* KostTableViewController+KostTableViewDelegate.swift */ = {isa = PBXFileReference; lastKnownFileType = sourcecode.swift; path = "KostTableViewController+KostTableViewDelegate.swift"; sourceTree = "<group>"; };
/* End PBXFileReference section */

/* Begin PBXFrameworksBuildPhase section */
		FE4E5B01227A419200AFF567 /* Frameworks */ = {
			isa = PBXFrameworksBuildPhase;
			buildActionMask = 2147483647;
			files = (
				6975E705A021273181010B3A /* Pods_Mamicam_Final_Project.framework in Frameworks */,
			);
			runOnlyForDeploymentPostprocessing = 0;
		};
/* End PBXFrameworksBuildPhase section */

/* Begin PBXGroup section */
		DA47ACB36E8272740160DA44 /* Pods */ = {
			isa = PBXGroup;
			children = (
				95E3725FA76420D685F50AA5 /* Pods-Mamicam Final Project.debug.xcconfig */,
				1CD0A3018576C9A831D4E695 /* Pods-Mamicam Final Project.release.xcconfig */,
			);
			path = Pods;
			sourceTree = "<group>";
		};
		E4E5ACD44113BC45D34928EE /* Frameworks */ = {
			isa = PBXGroup;
			children = (
				8486A953E6726EFFE4372800 /* Pods_Mamicam_Final_Project.framework */,
			);
			name = Frameworks;
			sourceTree = "<group>";
		};
		FE4E5AFB227A419200AFF567 = {
			isa = PBXGroup;
			children = (
				FE4E5B06227A419200AFF567 /* Mamicam Final Project */,
				FE4E5B05227A419200AFF567 /* Products */,
				DA47ACB36E8272740160DA44 /* Pods */,
				E4E5ACD44113BC45D34928EE /* Frameworks */,
			);
			sourceTree = "<group>";
		};
		FE4E5B05227A419200AFF567 /* Products */ = {
			isa = PBXGroup;
			children = (
				FE4E5B04227A419200AFF567 /* Mamicam Final Project.app */,
			);
			name = Products;
			sourceTree = "<group>";
		};
		FE4E5B06227A419200AFF567 /* Mamicam Final Project */ = {
			isa = PBXGroup;
			children = (
				FED68B77227A4D51008A40A2 /* View */,
				FED68B74227A47C9008A40A2 /* Model */,
				FED68B6F227A448C008A40A2 /* Network */,
				FED68B7C227A52A3008A40A2 /* ViewModel */,
				FE4E5B07227A419200AFF567 /* AppDelegate.swift */,
				FE4E5B0B227A419200AFF567 /* Main.storyboard */,
				FE4E5B0E227A419300AFF567 /* Assets.xcassets */,
				FE4E5B10227A419300AFF567 /* LaunchScreen.storyboard */,
				FE4E5B13227A419300AFF567 /* Info.plist */,
				FE10BA13227AE68500E0B431 /* AnyViewExtension.swift */,
			);
			path = "Mamicam Final Project";
			sourceTree = "<group>";
		};
		FED68B6F227A448C008A40A2 /* Network */ = {
			isa = PBXGroup;
			children = (
				FED68B70227A44A4008A40A2 /* NetworkFacade.swift */,
			);
			path = Network;
			sourceTree = "<group>";
		};
		FED68B74227A47C9008A40A2 /* Model */ = {
			isa = PBXGroup;
			children = (
				FED68B75227A47E0008A40A2 /* KostModel.swift */,
			);
			path = Model;
			sourceTree = "<group>";
		};
		FED68B77227A4D51008A40A2 /* View */ = {
			isa = PBXGroup;
			children = (
				FE4E5B09227A419200AFF567 /* ViewController.swift */,
				FED68B78227A4D74008A40A2 /* KostTableViewCell.swift */,
				FED68B79227A4D74008A40A2 /* KostTableViewCell.xib */,
				FED68B80227A566D008A40A2 /* KostTableViewController+TableViewDataSource.swift */,
				FED68B82227A585B008A40A2 /* KostTableViewController+KostTableViewDelegate.swift */,
				FE10BA19227B26FB00E0B431 /* DetailKostViewController.swift */,
				FE10BA1F227B6BFA00E0B431 /* NewKostViewController.swift */,
			);
			path = View;
			sourceTree = "<group>";
		};
		FED68B7C227A52A3008A40A2 /* ViewModel */ = {
			isa = PBXGroup;
			children = (
				FED68B7E227A5314008A40A2 /* KostViewModel.swift */,
				FE10BA17227B259500E0B431 /* DetailKostViewModel.swift */,
			);
			path = ViewModel;
			sourceTree = "<group>";
		};
/* End PBXGroup section */

/* Begin PBXNativeTarget section */
		FE4E5B03227A419200AFF567 /* Mamicam Final Project */ = {
			isa = PBXNativeTarget;
			buildConfigurationList = FE4E5B16227A419300AFF567 /* Build configuration list for PBXNativeTarget "Mamicam Final Project" */;
			buildPhases = (
				63C870D16A9E50FE49DB8136 /* [CP] Check Pods Manifest.lock */,
				FE4E5B00227A419200AFF567 /* Sources */,
				FE4E5B01227A419200AFF567 /* Frameworks */,
				FE4E5B02227A419200AFF567 /* Resources */,
				617179883C6EEB5D5548850A /* [CP] Embed Pods Frameworks */,
			);
			buildRules = (
			);
			dependencies = (
			);
			name = "Mamicam Final Project";
			productName = "Mamicam Final Project";
			productReference = FE4E5B04227A419200AFF567 /* Mamicam Final Project.app */;
			productType = "com.apple.product-type.application";
		};
/* End PBXNativeTarget section */

/* Begin PBXProject section */
		FE4E5AFC227A419200AFF567 /* Project object */ = {
			isa = PBXProject;
			attributes = {
				LastSwiftUpdateCheck = 1020;
				LastUpgradeCheck = 1020;
				ORGANIZATIONNAME = icung;
				TargetAttributes = {
					FE4E5B03227A419200AFF567 = {
						CreatedOnToolsVersion = 10.2.1;
					};
				};
			};
			buildConfigurationList = FE4E5AFF227A419200AFF567 /* Build configuration list for PBXProject "Mamicam Final Project" */;
			compatibilityVersion = "Xcode 9.3";
			developmentRegion = en;
			hasScannedForEncodings = 0;
			knownRegions = (
				en,
				Base,
			);
			mainGroup = FE4E5AFB227A419200AFF567;
			productRefGroup = FE4E5B05227A419200AFF567 /* Products */;
			projectDirPath = "";
			projectRoot = "";
			targets = (
				FE4E5B03227A419200AFF567 /* Mamicam Final Project */,
			);
		};
/* End PBXProject section */

/* Begin PBXResourcesBuildPhase section */
		FE4E5B02227A419200AFF567 /* Resources */ = {
			isa = PBXResourcesBuildPhase;
			buildActionMask = 2147483647;
			files = (
				FE4E5B12227A419300AFF567 /* LaunchScreen.storyboard in Resources */,
				FE4E5B0F227A419300AFF567 /* Assets.xcassets in Resources */,
				FED68B7B227A4D74008A40A2 /* KostTableViewCell.xib in Resources */,
				FE4E5B0D227A419200AFF567 /* Main.storyboard in Resources */,
			);
			runOnlyForDeploymentPostprocessing = 0;
		};
/* End PBXResourcesBuildPhase section */

/* Begin PBXShellScriptBuildPhase section */
		617179883C6EEB5D5548850A /* [CP] Embed Pods Frameworks */ = {
			isa = PBXShellScriptBuildPhase;
			buildActionMask = 2147483647;
			files = (
			);
			inputFileListPaths = (
			);
			inputPaths = (
				"${PODS_ROOT}/Target Support Files/Pods-Mamicam Final Project/Pods-Mamicam Final Project-frameworks.sh",
				"${BUILT_PRODUCTS_DIR}/Alamofire/Alamofire.framework",
				"${BUILT_PRODUCTS_DIR}/Alamofire-SwiftyJSON/Alamofire_SwiftyJSON.framework",
				"${BUILT_PRODUCTS_DIR}/AlamofireImage/AlamofireImage.framework",
				"${BUILT_PRODUCTS_DIR}/SwiftyJSON/SwiftyJSON.framework",
			);
			name = "[CP] Embed Pods Frameworks";
			outputFileListPaths = (
			);
			outputPaths = (
				"${TARGET_BUILD_DIR}/${FRAMEWORKS_FOLDER_PATH}/Alamofire.framework",
				"${TARGET_BUILD_DIR}/${FRAMEWORKS_FOLDER_PATH}/Alamofire_SwiftyJSON.framework",
				"${TARGET_BUILD_DIR}/${FRAMEWORKS_FOLDER_PATH}/AlamofireImage.framework",
				"${TARGET_BUILD_DIR}/${FRAMEWORKS_FOLDER_PATH}/SwiftyJSON.framework",
			);
			runOnlyForDeploymentPostprocessing = 0;
			shellPath = /bin/sh;
			shellScript = "\"${PODS_ROOT}/Target Support Files/Pods-Mamicam Final Project/Pods-Mamicam Final Project-frameworks.sh\"\n";
			showEnvVarsInLog = 0;
		};
		63C870D16A9E50FE49DB8136 /* [CP] Check Pods Manifest.lock */ = {
			isa = PBXShellScriptBuildPhase;
			buildActionMask = 2147483647;
			files = (
			);
			inputFileListPaths = (
			);
			inputPaths = (
				"${PODS_PODFILE_DIR_PATH}/Podfile.lock",
				"${PODS_ROOT}/Manifest.lock",
			);
			name = "[CP] Check Pods Manifest.lock";
			outputFileListPaths = (
			);
			outputPaths = (
				"$(DERIVED_FILE_DIR)/Pods-Mamicam Final Project-checkManifestLockResult.txt",
			);
			runOnlyForDeploymentPostprocessing = 0;
			shellPath = /bin/sh;
			shellScript = "diff \"${PODS_PODFILE_DIR_PATH}/Podfile.lock\" \"${PODS_ROOT}/Manifest.lock\" > /dev/null\nif [ $? != 0 ] ; then\n    # print error to STDERR\n    echo \"error: The sandbox is not in sync with the Podfile.lock. Run 'pod install' or update your CocoaPods installation.\" >&2\n    exit 1\nfi\n# This output is used by Xcode 'outputs' to avoid re-running this script phase.\necho \"SUCCESS\" > \"${SCRIPT_OUTPUT_FILE_0}\"\n";
			showEnvVarsInLog = 0;
		};
/* End PBXShellScriptBuildPhase section */

/* Begin PBXSourcesBuildPhase section */
		FE4E5B00227A419200AFF567 /* Sources */ = {
			isa = PBXSourcesBuildPhase;
			buildActionMask = 2147483647;
			files = (
				FED68B83227A585B008A40A2 /* KostTableViewController+KostTableViewDelegate.swift in Sources */,
				FE10BA14227AE68500E0B431 /* AnyViewExtension.swift in Sources */,
				FED68B81227A566D008A40A2 /* KostTableViewController+TableViewDataSource.swift in Sources */,
				FED68B76227A47E0008A40A2 /* KostModel.swift in Sources */,
				FED68B7A227A4D74008A40A2 /* KostTableViewCell.swift in Sources */,
				FE10BA1A227B26FB00E0B431 /* DetailKostViewController.swift in Sources */,
				FE4E5B0A227A419200AFF567 /* ViewController.swift in Sources */,
				FED68B7F227A5314008A40A2 /* KostViewModel.swift in Sources */,
				FE10BA20227B6BFA00E0B431 /* NewKostViewController.swift in Sources */,
				FE4E5B08227A419200AFF567 /* AppDelegate.swift in Sources */,
				FE10BA18227B259500E0B431 /* DetailKostViewModel.swift in Sources */,
				FED68B71227A44A4008A40A2 /* NetworkFacade.swift in Sources */,
			);
			runOnlyForDeploymentPostprocessing = 0;
		};
/* End PBXSourcesBuildPhase section */

/* Begin PBXVariantGroup section */
		FE4E5B0B227A419200AFF567 /* Main.storyboard */ = {
			isa = PBXVariantGroup;
			children = (
				FE4E5B0C227A419200AFF567 /* Base */,
			);
			name = Main.storyboard;
			sourceTree = "<group>";
		};
		FE4E5B10227A419300AFF567 /* LaunchScreen.storyboard */ = {
			isa = PBXVariantGroup;
			children = (
				FE4E5B11227A419300AFF567 /* Base */,
			);
			name = LaunchScreen.storyboard;
			sourceTree = "<group>";
		};
/* End PBXVariantGroup section */

/* Begin XCBuildConfiguration section */
		FE4E5B14227A419300AFF567 /* Debug */ = {
			isa = XCBuildConfiguration;
			buildSettings = {
				ALWAYS_SEARCH_USER_PATHS = NO;
				CLANG_ANALYZER_NONNULL = YES;
				CLANG_ANALYZER_NUMBER_OBJECT_CONVERSION = YES_AGGRESSIVE;
				CLANG_CXX_LANGUAGE_STANDARD = "gnu++14";
				CLANG_CXX_LIBRARY = "libc++";
				CLANG_ENABLE_MODULES = YES;
				CLANG_ENABLE_OBJC_ARC = YES;
				CLANG_ENABLE_OBJC_WEAK = YES;
				CLANG_WARN_BLOCK_CAPTURE_AUTORELEASING = YES;
				CLANG_WARN_BOOL_CONVERSION = YES;
				CLANG_WARN_COMMA = YES;
				CLANG_WARN_CONSTANT_CONVERSION = YES;
				CLANG_WARN_DEPRECATED_OBJC_IMPLEMENTATIONS = YES;
				CLANG_WARN_DIRECT_OBJC_ISA_USAGE = YES_ERROR;
				CLANG_WARN_DOCUMENTATION_COMMENTS = YES;
				CLANG_WARN_EMPTY_BODY = YES;
				CLANG_WARN_ENUM_CONVERSION = YES;
				CLANG_WARN_INFINITE_RECURSION = YES;
				CLANG_WARN_INT_CONVERSION = YES;
				CLANG_WARN_NON_LITERAL_NULL_CONVERSION = YES;
				CLANG_WARN_OBJC_IMPLICIT_RETAIN_SELF = YES;
				CLANG_WARN_OBJC_LITERAL_CONVERSION = YES;
				CLANG_WARN_OBJC_ROOT_CLASS = YES_ERROR;
				CLANG_WARN_RANGE_LOOP_ANALYSIS = YES;
				CLANG_WARN_STRICT_PROTOTYPES = YES;
				CLANG_WARN_SUSPICIOUS_MOVE = YES;
				CLANG_WARN_UNGUARDED_AVAILABILITY = YES_AGGRESSIVE;
				CLANG_WARN_UNREACHABLE_CODE = YES;
				CLANG_WARN__DUPLICATE_METHOD_MATCH = YES;
				CODE_SIGN_IDENTITY = "iPhone Developer";
				COPY_PHASE_STRIP = NO;
				DEBUG_INFORMATION_FORMAT = dwarf;
				ENABLE_STRICT_OBJC_MSGSEND = YES;
				ENABLE_TESTABILITY = YES;
				GCC_C_LANGUAGE_STANDARD = gnu11;
				GCC_DYNAMIC_NO_PIC = NO;
				GCC_NO_COMMON_BLOCKS = YES;
				GCC_OPTIMIZATION_LEVEL = 0;
				GCC_PREPROCESSOR_DEFINITIONS = (
					"DEBUG=1",
					"$(inherited)",
				);
				GCC_WARN_64_TO_32_BIT_CONVERSION = YES;
				GCC_WARN_ABOUT_RETURN_TYPE = YES_ERROR;
				GCC_WARN_UNDECLARED_SELECTOR = YES;
				GCC_WARN_UNINITIALIZED_AUTOS = YES_AGGRESSIVE;
				GCC_WARN_UNUSED_FUNCTION = YES;
				GCC_WARN_UNUSED_VARIABLE = YES;
				IPHONEOS_DEPLOYMENT_TARGET = 12.2;
				MTL_ENABLE_DEBUG_INFO = INCLUDE_SOURCE;
				MTL_FAST_MATH = YES;
				ONLY_ACTIVE_ARCH = YES;
				SDKROOT = iphoneos;
				SWIFT_ACTIVE_COMPILATION_CONDITIONS = DEBUG;
				SWIFT_OPTIMIZATION_LEVEL = "-Onone";
			};
			name = Debug;
		};
		FE4E5B15227A419300AFF567 /* Release */ = {
			isa = XCBuildConfiguration;
			buildSettings = {
				ALWAYS_SEARCH_USER_PATHS = NO;
				CLANG_ANALYZER_NONNULL = YES;
				CLANG_ANALYZER_NUMBER_OBJECT_CONVERSION = YES_AGGRESSIVE;
				CLANG_CXX_LANGUAGE_STANDARD = "gnu++14";
				CLANG_CXX_LIBRARY = "libc++";
				CLANG_ENABLE_MODULES = YES;
				CLANG_ENABLE_OBJC_ARC = YES;
				CLANG_ENABLE_OBJC_WEAK = YES;
				CLANG_WARN_BLOCK_CAPTURE_AUTORELEASING = YES;
				CLANG_WARN_BOOL_CONVERSION = YES;
				CLANG_WARN_COMMA = YES;
				CLANG_WARN_CONSTANT_CONVERSION = YES;
				CLANG_WARN_DEPRECATED_OBJC_IMPLEMENTATIONS = YES;
				CLANG_WARN_DIRECT_OBJC_ISA_USAGE = YES_ERROR;
				CLANG_WARN_DOCUMENTATION_COMMENTS = YES;
				CLANG_WARN_EMPTY_BODY = YES;
				CLANG_WARN_ENUM_CONVERSION = YES;
				CLANG_WARN_INFINITE_RECURSION = YES;
				CLANG_WARN_INT_CONVERSION = YES;
				CLANG_WARN_NON_LITERAL_NULL_CONVERSION = YES;
				CLANG_WARN_OBJC_IMPLICIT_RETAIN_SELF = YES;
				CLANG_WARN_OBJC_LITERAL_CONVERSION = YES;
				CLANG_WARN_OBJC_ROOT_CLASS = YES_ERROR;
				CLANG_WARN_RANGE_LOOP_ANALYSIS = YES;
				CLANG_WARN_STRICT_PROTOTYPES = YES;
				CLANG_WARN_SUSPICIOUS_MOVE = YES;
				CLANG_WARN_UNGUARDED_AVAILABILITY = YES_AGGRESSIVE;
				CLANG_WARN_UNREACHABLE_CODE = YES;
				CLANG_WARN__DUPLICATE_METHOD_MATCH = YES;
				CODE_SIGN_IDENTITY = "iPhone Developer";
				COPY_PHASE_STRIP = NO;
				DEBUG_INFORMATION_FORMAT = "dwarf-with-dsym";
				ENABLE_NS_ASSERTIONS = NO;
				ENABLE_STRICT_OBJC_MSGSEND = YES;
				GCC_C_LANGUAGE_STANDARD = gnu11;
				GCC_NO_COMMON_BLOCKS = YES;
				GCC_WARN_64_TO_32_BIT_CONVERSION = YES;
				GCC_WARN_ABOUT_RETURN_TYPE = YES_ERROR;
				GCC_WARN_UNDECLARED_SELECTOR = YES;
				GCC_WARN_UNINITIALIZED_AUTOS = YES_AGGRESSIVE;
				GCC_WARN_UNUSED_FUNCTION = YES;
				GCC_WARN_UNUSED_VARIABLE = YES;
				IPHONEOS_DEPLOYMENT_TARGET = 12.2;
				MTL_ENABLE_DEBUG_INFO = NO;
				MTL_FAST_MATH = YES;
				SDKROOT = iphoneos;
				SWIFT_COMPILATION_MODE = wholemodule;
				SWIFT_OPTIMIZATION_LEVEL = "-O";
				VALIDATE_PRODUCT = YES;
			};
			name = Release;
		};
		FE4E5B17227A419300AFF567 /* Debug */ = {
			isa = XCBuildConfiguration;
			baseConfigurationReference = 95E3725FA76420D685F50AA5 /* Pods-Mamicam Final Project.debug.xcconfig */;
			buildSettings = {
				ASSETCATALOG_COMPILER_APPICON_NAME = AppIcon;
				CODE_SIGN_STYLE = Automatic;
				DEVELOPMENT_TEAM = LL9FDP2VX6;
				INFOPLIST_FILE = "Mamicam Final Project/Info.plist";
				LD_RUNPATH_SEARCH_PATHS = (
					"$(inherited)",
					"@executable_path/Frameworks",
				);
				PRODUCT_BUNDLE_IDENTIFIER = "com.icungse.Mamicam-Final-Project";
				PRODUCT_NAME = "$(TARGET_NAME)";
				SWIFT_VERSION = 5.0;
				TARGETED_DEVICE_FAMILY = "1,2";
			};
			name = Debug;
		};
		FE4E5B18227A419300AFF567 /* Release */ = {
			isa = XCBuildConfiguration;
			baseConfigurationReference = 1CD0A3018576C9A831D4E695 /* Pods-Mamicam Final Project.release.xcconfig */;
			buildSettings = {
				ASSETCATALOG_COMPILER_APPICON_NAME = AppIcon;
				CODE_SIGN_STYLE = Automatic;
				DEVELOPMENT_TEAM = LL9FDP2VX6;
				INFOPLIST_FILE = "Mamicam Final Project/Info.plist";
				LD_RUNPATH_SEARCH_PATHS = (
					"$(inherited)",
					"@executable_path/Frameworks",
				);
				PRODUCT_BUNDLE_IDENTIFIER = "com.icungse.Mamicam-Final-Project";
				PRODUCT_NAME = "$(TARGET_NAME)";
				SWIFT_VERSION = 5.0;
				TARGETED_DEVICE_FAMILY = "1,2";
			};
			name = Release;
		};
/* End XCBuildConfiguration section */

/* Begin XCConfigurationList section */
		FE4E5AFF227A419200AFF567 /* Build configuration list for PBXProject "Mamicam Final Project" */ = {
			isa = XCConfigurationList;
			buildConfigurations = (
				FE4E5B14227A419300AFF567 /* Debug */,
				FE4E5B15227A419300AFF567 /* Release */,
			);
			defaultConfigurationIsVisible = 0;
			defaultConfigurationName = Release;
		};
		FE4E5B16227A419300AFF567 /* Build configuration list for PBXNativeTarget "Mamicam Final Project" */ = {
			isa = XCConfigurationList;
			buildConfigurations = (
				FE4E5B17227A419300AFF567 /* Debug */,
				FE4E5B18227A419300AFF567 /* Release */,
			);
			defaultConfigurationIsVisible = 0;
			defaultConfigurationName = Release;
		};
/* End XCConfigurationList section */
	};
	rootObject = FE4E5AFC227A419200AFF567 /* Project object */;
}
